
Microsoft Visual Studio Solution File, Format Version 12.00
# Visual Studio Version 17
VisualStudioVersion = 17.5.33516.290
MinimumVisualStudioVersion = 10.0.40219.1
Project("{9A19103F-16F7-4668-BE54-9A1E7A4F7556}") = "DAL", "DAL\DAL.csproj", "{0F2191E3-9B6B-4F39-9755-D31B4FC29A40}"
EndProject
Project("{9A19103F-16F7-4668-BE54-9A1E7A4F7556}") = "BLL", "BLL\BLL.csproj", "{FDD0EA6C-2CF8-4DB6-AB40-CE76A5F51815}"
EndProject
Project("{9A19103F-16F7-4668-BE54-9A1E7A4F7556}") = "UI", "UI\UI.csproj", "{1C6CD18D-B0BF-464E-9FED-C928A793C231}"
EndProject
Project("{FAE04EC0-301F-11D3-BF4B-00C04F79EFBC}") = "WebApiMagazine", "WebApiMagazine\WebApiMagazine.csproj", "{F35856EF-8E1A-4D6F-A71C-70107366CA39}"
EndProject
Global
	GlobalSection(SolutionConfigurationPlatforms) = preSolution
		Debug|Any CPU = Debug|Any CPU
		Release|Any CPU = Release|Any CPU
	EndGlobalSection
	GlobalSection(ProjectConfigurationPlatforms) = postSolution
		{0F2191E3-9B6B-4F39-9755-D31B4FC29A40}.Debug|Any CPU.ActiveCfg = Debug|Any CPU
		{0F2191E3-9B6B-4F39-9755-D31B4FC29A40}.Debug|Any CPU.Build.0 = Debug|Any CPU
		{0F2191E3-9B6B-4F39-9755-D31B4FC29A40}.Release|Any CPU.ActiveCfg = Release|Any CPU
		{0F2191E3-9B6B-4F39-9755-D31B4FC29A40}.Release|Any CPU.Build.0 = Release|Any CPU
		{FDD0EA6C-2CF8-4DB6-AB40-CE76A5F51815}.Debug|Any CPU.ActiveCfg = Debug|Any CPU
		{FDD0EA6C-2CF8-4DB6-AB40-CE76A5F51815}.Debug|Any CPU.Build.0 = Debug|Any CPU
		{FDD0EA6C-2CF8-4DB6-AB40-CE76A5F51815}.Release|Any CPU.ActiveCfg = Release|Any CPU
		{FDD0EA6C-2CF8-4DB6-AB40-CE76A5F51815}.Release|Any CPU.Build.0 = Release|Any CPU
		{1C6CD18D-B0BF-464E-9FED-C928A793C231}.Debug|Any CPU.ActiveCfg = Debug|Any CPU
		{1C6CD18D-B0BF-464E-9FED-C928A793C231}.Debug|Any CPU.Build.0 = Debug|Any CPU
		{1C6CD18D-B0BF-464E-9FED-C928A793C231}.Release|Any CPU.ActiveCfg = Release|Any CPU
		{1C6CD18D-B0BF-464E-9FED-C928A793C231}.Release|Any CPU.Build.0 = Release|Any CPU
		{F35856EF-8E1A-4D6F-A71C-70107366CA39}.Debug|Any CPU.ActiveCfg = Debug|Any CPU
		{F35856EF-8E1A-4D6F-A71C-70107366CA39}.Debug|Any CPU.Build.0 = Debug|Any CPU
		{F35856EF-8E1A-4D6F-A71C-70107366CA39}.Release|Any CPU.ActiveCfg = Release|Any CPU
		{F35856EF-8E1A-4D6F-A71C-70107366CA39}.Release|Any CPU.Build.0 = Release|Any CPU
	EndGlobalSection
	GlobalSection(SolutionProperties) = preSolution
		HideSolutionNode = FALSE
	EndGlobalSection
	GlobalSection(ExtensibilityGlobals) = postSolution
		SolutionGuid = {573C1953-3F6F-4EF6-A47B-8DB0910D742D}
	EndGlobalSection
EndGlobal
